// !$*UTF8*$!
{
	archiveVersion = 1;
	classes = {
	};
	objectVersion = 50;
	objects = {

/* Begin PBXBuildFile section */
		053683D7C02A474ABDF02601 /* MaterialIcons.ttf in Resources */ = {isa = PBXBuildFile; fileRef = 378A9263BC0B4F3F95E7140D /* MaterialIcons.ttf */; };
		0A660F79094F3C0FBA6694AE /* Pods_BlockLadderApp.framework in Frameworks */ = {isa = PBXBuildFile; fileRef = 9F1B1ECAD0021B7ED6BA0030 /* Pods_BlockLadderApp.framework */; };
		0C84C51560944FAF82238503 /* FontAwesome.ttf in Resources */ = {isa = PBXBuildFile; fileRef = 1D02B02856154ACDA0DFE1AF /* FontAwesome.ttf */; };
		10205E46A60846278CE08C2C /* Octicons.ttf in Resources */ = {isa = PBXBuildFile; fileRef = F2574A3E405D43C1A051EF84 /* Octicons.ttf */; };
		22C8915BB63543F79B81E68F /* Feather.ttf in Resources */ = {isa = PBXBuildFile; fileRef = 0961D00E0F3748A59C812EFC /* Feather.ttf */; };
		2942B7224A47DDF30E903A78 /* Pods_PacketTunnel.framework in Frameworks */ = {isa = PBXBuildFile; fileRef = 9E44A578E74CF3757CE6040C /* Pods_PacketTunnel.framework */; };
		2A4603C1D1BF4B66B3CEF698 /* Entypo.ttf in Resources */ = {isa = PBXBuildFile; fileRef = CA84D8D5FBA04D168F6338CF /* Entypo.ttf */; };
		4BA814EB65BB48B1B1242484 /* SimpleLineIcons.ttf in Resources */ = {isa = PBXBuildFile; fileRef = BFA0B45861DE4CB7A30B1B32 /* SimpleLineIcons.ttf */; };
		7586A64F20CF81B400D3681D /* bundle.js in Resources */ = {isa = PBXBuildFile; fileRef = 7586A64E20CF81B400D3681D /* bundle.js */; };
		75F195CE20DC93A300831956 /* DiscoverViewController.swift in Sources */ = {isa = PBXBuildFile; fileRef = 75F195CD20DC93A300831956 /* DiscoverViewController.swift */; };
		75F7DF1A20EFE1FD00B99BBE /* Octicons.ttf in Resources */ = {isa = PBXBuildFile; fileRef = 75F7DF0F20EFE1FC00B99BBE /* Octicons.ttf */; };
		75F7DF1B20EFE1FD00B99BBE /* Feather.ttf in Resources */ = {isa = PBXBuildFile; fileRef = 75F7DF1020EFE1FC00B99BBE /* Feather.ttf */; };
		75F7DF1C20EFE1FD00B99BBE /* Entypo.ttf in Resources */ = {isa = PBXBuildFile; fileRef = 75F7DF1120EFE1FC00B99BBE /* Entypo.ttf */; };
		75F7DF1D20EFE1FD00B99BBE /* MaterialCommunityIcons.ttf in Resources */ = {isa = PBXBuildFile; fileRef = 75F7DF1220EFE1FC00B99BBE /* MaterialCommunityIcons.ttf */; };
		75F7DF1E20EFE1FD00B99BBE /* Foundation.ttf in Resources */ = {isa = PBXBuildFile; fileRef = 75F7DF1320EFE1FC00B99BBE /* Foundation.ttf */; };
		75F7DF1F20EFE1FD00B99BBE /* Ionicons.ttf in Resources */ = {isa = PBXBuildFile; fileRef = 75F7DF1420EFE1FC00B99BBE /* Ionicons.ttf */; };
		75F7DF2020EFE1FD00B99BBE /* FontAwesome.ttf in Resources */ = {isa = PBXBuildFile; fileRef = 75F7DF1520EFE1FC00B99BBE /* FontAwesome.ttf */; };
		75F7DF2120EFE1FD00B99BBE /* Zocial.ttf in Resources */ = {isa = PBXBuildFile; fileRef = 75F7DF1620EFE1FC00B99BBE /* Zocial.ttf */; };
		75F7DF2220EFE1FD00B99BBE /* EvilIcons.ttf in Resources */ = {isa = PBXBuildFile; fileRef = 75F7DF1720EFE1FC00B99BBE /* EvilIcons.ttf */; };
		75F7DF2320EFE1FD00B99BBE /* SimpleLineIcons.ttf in Resources */ = {isa = PBXBuildFile; fileRef = 75F7DF1820EFE1FC00B99BBE /* SimpleLineIcons.ttf */; };
		75F7DF2420EFE1FD00B99BBE /* MaterialIcons.ttf in Resources */ = {isa = PBXBuildFile; fileRef = 75F7DF1920EFE1FC00B99BBE /* MaterialIcons.ttf */; };
		A6F0C785A8454C328BE833C7 /* Foundation.ttf in Resources */ = {isa = PBXBuildFile; fileRef = 7B3DB1E36FAA4E1C8F43833D /* Foundation.ttf */; };
		ADBFD2EA22E4470EB091A015 /* Ionicons.ttf in Resources */ = {isa = PBXBuildFile; fileRef = 5BED9B707F73495A99DC1482 /* Ionicons.ttf */; };
		BB7E9AFF20C66C1800EAD16B /* AppDelegate.swift in Sources */ = {isa = PBXBuildFile; fileRef = BB7E9AFE20C66C1800EAD16B /* AppDelegate.swift */; };
		BB7E9B0120C66C1800EAD16B /* ViewController.swift in Sources */ = {isa = PBXBuildFile; fileRef = BB7E9B0020C66C1800EAD16B /* ViewController.swift */; };
		BB7E9B0420C66C1800EAD16B /* Main.storyboard in Resources */ = {isa = PBXBuildFile; fileRef = BB7E9B0220C66C1800EAD16B /* Main.storyboard */; };
		BB7E9B0620C66C1900EAD16B /* Assets.xcassets in Resources */ = {isa = PBXBuildFile; fileRef = BB7E9B0520C66C1900EAD16B /* Assets.xcassets */; };
		BB7E9B0920C66C1900EAD16B /* LaunchScreen.storyboard in Resources */ = {isa = PBXBuildFile; fileRef = BB7E9B0720C66C1900EAD16B /* LaunchScreen.storyboard */; };
		BB7E9B1220C66C2500EAD16B /* NetworkExtension.framework in Frameworks */ = {isa = PBXBuildFile; fileRef = BB7E9B1120C66C2500EAD16B /* NetworkExtension.framework */; };
		BB7E9B1D20C66C5200EAD16B /* PacketTunnelProvider.swift in Sources */ = {isa = PBXBuildFile; fileRef = BB7E9B1C20C66C5200EAD16B /* PacketTunnelProvider.swift */; };
		BB7E9B2120C66C5200EAD16B /* PacketTunnel.appex in Embed App Extensions */ = {isa = PBXBuildFile; fileRef = BB7E9B1820C66C5200EAD16B /* PacketTunnel.appex */; settings = {ATTRIBUTES = (RemoveHeadersOnCopy, ); }; };
		BB7E9B2620C66C6300EAD16B /* NetworkExtension.framework in Frameworks */ = {isa = PBXBuildFile; fileRef = BB7E9B1120C66C2500EAD16B /* NetworkExtension.framework */; };
		BB7E9B2920C670A200EAD16B /* VpnManager.swift in Sources */ = {isa = PBXBuildFile; fileRef = BB7E9B2820C670A200EAD16B /* VpnManager.swift */; };
		BB7E9B2B20C6711E00EAD16B /* Notifications.swift in Sources */ = {isa = PBXBuildFile; fileRef = BB7E9B2A20C6711E00EAD16B /* Notifications.swift */; };
		BB7E9B4120C679B200EAD16B /* CocoaAsyncSocket.framework in Frameworks */ = {isa = PBXBuildFile; fileRef = BB7E9B3420C6787500EAD16B /* CocoaAsyncSocket.framework */; };
		BB7E9B4220C679B200EAD16B /* CocoaLumberjack.framework in Frameworks */ = {isa = PBXBuildFile; fileRef = BB7E9B3220C6787500EAD16B /* CocoaLumberjack.framework */; };
		BB7E9B4320C679B200EAD16B /* CocoaLumberjackSwift.framework in Frameworks */ = {isa = PBXBuildFile; fileRef = BB7E9B3620C6787500EAD16B /* CocoaLumberjackSwift.framework */; };
		BB7E9B4420C679B200EAD16B /* lwip.framework in Frameworks */ = {isa = PBXBuildFile; fileRef = BB7E9B2E20C6787500EAD16B /* lwip.framework */; };
		BB7E9B4520C679B200EAD16B /* MMDB.framework in Frameworks */ = {isa = PBXBuildFile; fileRef = BB7E9B2F20C6787500EAD16B /* MMDB.framework */; };
		BB7E9B4620C679B200EAD16B /* NEKit.framework in Frameworks */ = {isa = PBXBuildFile; fileRef = BB7E9B3020C6787500EAD16B /* NEKit.framework */; };
		BB7E9B4720C679B200EAD16B /* Resolver.framework in Frameworks */ = {isa = PBXBuildFile; fileRef = BB7E9B3520C6787500EAD16B /* Resolver.framework */; };
		BB7E9B4820C679B200EAD16B /* Sodium.framework in Frameworks */ = {isa = PBXBuildFile; fileRef = BB7E9B2D20C6787500EAD16B /* Sodium.framework */; };
		BB7E9B4920C679B200EAD16B /* tun2socks.framework in Frameworks */ = {isa = PBXBuildFile; fileRef = BB7E9B3320C6787500EAD16B /* tun2socks.framework */; };
		BB7E9B4A20C679B200EAD16B /* Yaml.framework in Frameworks */ = {isa = PBXBuildFile; fileRef = BB7E9B3120C6787500EAD16B /* Yaml.framework */; };
		BB7E9B4F20C67BE100EAD16B /* NEKitRule.conf in Resources */ = {isa = PBXBuildFile; fileRef = BB7E9B4E20C67BE100EAD16B /* NEKitRule.conf */; };
		C136B0369B874A40B7E7E051 /* EvilIcons.ttf in Resources */ = {isa = PBXBuildFile; fileRef = 38C84C885C1E4330B0186CAD /* EvilIcons.ttf */; };
		DA6C55916BA342B5A6BFA7C9 /* Zocial.ttf in Resources */ = {isa = PBXBuildFile; fileRef = 91BFB16C2E044E45996B6978 /* Zocial.ttf */; };
		ECB7D073D5F04CFB8A65F929 /* MaterialCommunityIcons.ttf in Resources */ = {isa = PBXBuildFile; fileRef = D6DA2367F64A44B5B4A34F9F /* MaterialCommunityIcons.ttf */; };
/* End PBXBuildFile section */

/* Begin PBXContainerItemProxy section */
		BB7E9B1F20C66C5200EAD16B /* PBXContainerItemProxy */ = {
			isa = PBXContainerItemProxy;
			containerPortal = BB7E9AF320C66C1800EAD16B /* Project object */;
			proxyType = 1;
			remoteGlobalIDString = BB7E9B1720C66C5200EAD16B;
			remoteInfo = PacketTunnel;
		};
/* End PBXContainerItemProxy section */

/* Begin PBXCopyFilesBuildPhase section */
		BB7E9B2520C66C5200EAD16B /* Embed App Extensions */ = {
			isa = PBXCopyFilesBuildPhase;
			buildActionMask = 2147483647;
			dstPath = "";
			dstSubfolderSpec = 13;
			files = (
				BB7E9B2120C66C5200EAD16B /* PacketTunnel.appex in Embed App Extensions */,
			);
			name = "Embed App Extensions";
			runOnlyForDeploymentPostprocessing = 0;
		};
/* End PBXCopyFilesBuildPhase section */

/* Begin PBXFileReference section */
		0961D00E0F3748A59C812EFC /* Feather.ttf */ = {isa = PBXFileReference; explicitFileType = undefined; fileEncoding = 9; includeInIndex = 0; lastKnownFileType = unknown; name = Feather.ttf; path = "../node_modules/react-native-vector-icons/Fonts/Feather.ttf"; sourceTree = "<group>"; };
		10499E45BA45ACA1AC878ECC /* Pods-PacketTunnel.release.xcconfig */ = {isa = PBXFileReference; includeInIndex = 1; lastKnownFileType = text.xcconfig; name = "Pods-PacketTunnel.release.xcconfig"; path = "Pods/Target Support Files/Pods-PacketTunnel/Pods-PacketTunnel.release.xcconfig"; sourceTree = "<group>"; };
		1D02B02856154ACDA0DFE1AF /* FontAwesome.ttf */ = {isa = PBXFileReference; explicitFileType = undefined; fileEncoding = 9; includeInIndex = 0; lastKnownFileType = unknown; name = FontAwesome.ttf; path = "../node_modules/react-native-vector-icons/Fonts/FontAwesome.ttf"; sourceTree = "<group>"; };
		378A9263BC0B4F3F95E7140D /* MaterialIcons.ttf */ = {isa = PBXFileReference; explicitFileType = undefined; fileEncoding = 9; includeInIndex = 0; lastKnownFileType = unknown; name = MaterialIcons.ttf; path = "../node_modules/react-native-vector-icons/Fonts/MaterialIcons.ttf"; sourceTree = "<group>"; };
		38C84C885C1E4330B0186CAD /* EvilIcons.ttf */ = {isa = PBXFileReference; explicitFileType = undefined; fileEncoding = 9; includeInIndex = 0; lastKnownFileType = unknown; name = EvilIcons.ttf; path = "../node_modules/react-native-vector-icons/Fonts/EvilIcons.ttf"; sourceTree = "<group>"; };
		5BED9B707F73495A99DC1482 /* Ionicons.ttf */ = {isa = PBXFileReference; explicitFileType = undefined; fileEncoding = 9; includeInIndex = 0; lastKnownFileType = unknown; name = Ionicons.ttf; path = "../node_modules/react-native-vector-icons/Fonts/Ionicons.ttf"; sourceTree = "<group>"; };
		7586A64E20CF81B400D3681D /* bundle.js */ = {isa = PBXFileReference; fileEncoding = 4; lastKnownFileType = sourcecode.javascript; path = bundle.js; sourceTree = SOURCE_ROOT; };
		75F195CD20DC93A300831956 /* DiscoverViewController.swift */ = {isa = PBXFileReference; lastKnownFileType = sourcecode.swift; path = DiscoverViewController.swift; sourceTree = "<group>"; };
		75F7DF0F20EFE1FC00B99BBE /* Octicons.ttf */ = {isa = PBXFileReference; lastKnownFileType = file; path = Octicons.ttf; sourceTree = "<group>"; };
		75F7DF1020EFE1FC00B99BBE /* Feather.ttf */ = {isa = PBXFileReference; lastKnownFileType = file; path = Feather.ttf; sourceTree = "<group>"; };
		75F7DF1120EFE1FC00B99BBE /* Entypo.ttf */ = {isa = PBXFileReference; lastKnownFileType = file; path = Entypo.ttf; sourceTree = "<group>"; };
		75F7DF1220EFE1FC00B99BBE /* MaterialCommunityIcons.ttf */ = {isa = PBXFileReference; lastKnownFileType = file; path = MaterialCommunityIcons.ttf; sourceTree = "<group>"; };
		75F7DF1320EFE1FC00B99BBE /* Foundation.ttf */ = {isa = PBXFileReference; lastKnownFileType = file; path = Foundation.ttf; sourceTree = "<group>"; };
		75F7DF1420EFE1FC00B99BBE /* Ionicons.ttf */ = {isa = PBXFileReference; lastKnownFileType = file; path = Ionicons.ttf; sourceTree = "<group>"; };
		75F7DF1520EFE1FC00B99BBE /* FontAwesome.ttf */ = {isa = PBXFileReference; lastKnownFileType = file; path = FontAwesome.ttf; sourceTree = "<group>"; };
		75F7DF1620EFE1FC00B99BBE /* Zocial.ttf */ = {isa = PBXFileReference; lastKnownFileType = file; path = Zocial.ttf; sourceTree = "<group>"; };
		75F7DF1720EFE1FC00B99BBE /* EvilIcons.ttf */ = {isa = PBXFileReference; lastKnownFileType = file; path = EvilIcons.ttf; sourceTree = "<group>"; };
		75F7DF1820EFE1FC00B99BBE /* SimpleLineIcons.ttf */ = {isa = PBXFileReference; lastKnownFileType = file; path = SimpleLineIcons.ttf; sourceTree = "<group>"; };
		75F7DF1920EFE1FC00B99BBE /* MaterialIcons.ttf */ = {isa = PBXFileReference; lastKnownFileType = file; path = MaterialIcons.ttf; sourceTree = "<group>"; };
		7B3DB1E36FAA4E1C8F43833D /* Foundation.ttf */ = {isa = PBXFileReference; explicitFileType = undefined; fileEncoding = 9; includeInIndex = 0; lastKnownFileType = unknown; name = Foundation.ttf; path = "../node_modules/react-native-vector-icons/Fonts/Foundation.ttf"; sourceTree = "<group>"; };
		91BFB16C2E044E45996B6978 /* Zocial.ttf */ = {isa = PBXFileReference; explicitFileType = undefined; fileEncoding = 9; includeInIndex = 0; lastKnownFileType = unknown; name = Zocial.ttf; path = "../node_modules/react-native-vector-icons/Fonts/Zocial.ttf"; sourceTree = "<group>"; };
		9E44A578E74CF3757CE6040C /* Pods_PacketTunnel.framework */ = {isa = PBXFileReference; explicitFileType = wrapper.framework; includeInIndex = 0; path = Pods_PacketTunnel.framework; sourceTree = BUILT_PRODUCTS_DIR; };
		9F1B1ECAD0021B7ED6BA0030 /* Pods_BlockLadderApp.framework */ = {isa = PBXFileReference; explicitFileType = wrapper.framework; includeInIndex = 0; path = Pods_BlockLadderApp.framework; sourceTree = BUILT_PRODUCTS_DIR; };
		A52B836D7C5261CCE41D1B6E /* Pods-PacketTunnel.debug.xcconfig */ = {isa = PBXFileReference; includeInIndex = 1; lastKnownFileType = text.xcconfig; name = "Pods-PacketTunnel.debug.xcconfig"; path = "Pods/Target Support Files/Pods-PacketTunnel/Pods-PacketTunnel.debug.xcconfig"; sourceTree = "<group>"; };
		B774667821BA18CCD516A4A7 /* Pods-BlockLadderApp.release.xcconfig */ = {isa = PBXFileReference; includeInIndex = 1; lastKnownFileType = text.xcconfig; name = "Pods-BlockLadderApp.release.xcconfig"; path = "Pods/Target Support Files/Pods-BlockLadderApp/Pods-BlockLadderApp.release.xcconfig"; sourceTree = "<group>"; };
		BB7E9AFB20C66C1800EAD16B /* BlockLadderApp.app */ = {isa = PBXFileReference; explicitFileType = wrapper.application; includeInIndex = 0; path = BlockLadderApp.app; sourceTree = BUILT_PRODUCTS_DIR; };
		BB7E9AFE20C66C1800EAD16B /* AppDelegate.swift */ = {isa = PBXFileReference; lastKnownFileType = sourcecode.swift; path = AppDelegate.swift; sourceTree = "<group>"; };
		BB7E9B0020C66C1800EAD16B /* ViewController.swift */ = {isa = PBXFileReference; lastKnownFileType = sourcecode.swift; path = ViewController.swift; sourceTree = "<group>"; };
		BB7E9B0320C66C1800EAD16B /* Base */ = {isa = PBXFileReference; lastKnownFileType = file.storyboard; name = Base; path = Base.lproj/Main.storyboard; sourceTree = "<group>"; };
		BB7E9B0520C66C1900EAD16B /* Assets.xcassets */ = {isa = PBXFileReference; lastKnownFileType = folder.assetcatalog; path = Assets.xcassets; sourceTree = "<group>"; };
		BB7E9B0820C66C1900EAD16B /* Base */ = {isa = PBXFileReference; lastKnownFileType = file.storyboard; name = Base; path = Base.lproj/LaunchScreen.storyboard; sourceTree = "<group>"; };
		BB7E9B0A20C66C1900EAD16B /* Info.plist */ = {isa = PBXFileReference; lastKnownFileType = text.plist.xml; path = Info.plist; sourceTree = "<group>"; };
		BB7E9B1120C66C2500EAD16B /* NetworkExtension.framework */ = {isa = PBXFileReference; lastKnownFileType = wrapper.framework; name = NetworkExtension.framework; path = System/Library/Frameworks/NetworkExtension.framework; sourceTree = SDKROOT; };
		BB7E9B1320C66C2500EAD16B /* BlockLadderApp.entitlements */ = {isa = PBXFileReference; lastKnownFileType = text.plist.entitlements; path = BlockLadderApp.entitlements; sourceTree = "<group>"; };
		BB7E9B1820C66C5200EAD16B /* PacketTunnel.appex */ = {isa = PBXFileReference; explicitFileType = "wrapper.app-extension"; includeInIndex = 0; path = PacketTunnel.appex; sourceTree = BUILT_PRODUCTS_DIR; };
		BB7E9B1B20C66C5200EAD16B /* PacketTunnel.entitlements */ = {isa = PBXFileReference; lastKnownFileType = text.plist.entitlements; path = PacketTunnel.entitlements; sourceTree = "<group>"; };
		BB7E9B1C20C66C5200EAD16B /* PacketTunnelProvider.swift */ = {isa = PBXFileReference; lastKnownFileType = sourcecode.swift; path = PacketTunnelProvider.swift; sourceTree = "<group>"; };
		BB7E9B1E20C66C5200EAD16B /* Info.plist */ = {isa = PBXFileReference; lastKnownFileType = text.plist.xml; path = Info.plist; sourceTree = "<group>"; };
		BB7E9B2820C670A200EAD16B /* VpnManager.swift */ = {isa = PBXFileReference; lastKnownFileType = sourcecode.swift; path = VpnManager.swift; sourceTree = "<group>"; };
		BB7E9B2A20C6711E00EAD16B /* Notifications.swift */ = {isa = PBXFileReference; lastKnownFileType = sourcecode.swift; path = Notifications.swift; sourceTree = "<group>"; };
		BB7E9B2D20C6787500EAD16B /* Sodium.framework */ = {isa = PBXFileReference; lastKnownFileType = wrapper.framework; name = Sodium.framework; path = Carthage/Build/iOS/Sodium.framework; sourceTree = "<group>"; };
		BB7E9B2E20C6787500EAD16B /* lwip.framework */ = {isa = PBXFileReference; lastKnownFileType = wrapper.framework; name = lwip.framework; path = Carthage/Build/iOS/lwip.framework; sourceTree = "<group>"; };
		BB7E9B2F20C6787500EAD16B /* MMDB.framework */ = {isa = PBXFileReference; lastKnownFileType = wrapper.framework; name = MMDB.framework; path = Carthage/Build/iOS/MMDB.framework; sourceTree = "<group>"; };
		BB7E9B3020C6787500EAD16B /* NEKit.framework */ = {isa = PBXFileReference; lastKnownFileType = wrapper.framework; name = NEKit.framework; path = Carthage/Build/iOS/NEKit.framework; sourceTree = "<group>"; };
		BB7E9B3120C6787500EAD16B /* Yaml.framework */ = {isa = PBXFileReference; lastKnownFileType = wrapper.framework; name = Yaml.framework; path = Carthage/Build/iOS/Yaml.framework; sourceTree = "<group>"; };
		BB7E9B3220C6787500EAD16B /* CocoaLumberjack.framework */ = {isa = PBXFileReference; lastKnownFileType = wrapper.framework; name = CocoaLumberjack.framework; path = Carthage/Build/iOS/CocoaLumberjack.framework; sourceTree = "<group>"; };
		BB7E9B3320C6787500EAD16B /* tun2socks.framework */ = {isa = PBXFileReference; lastKnownFileType = wrapper.framework; name = tun2socks.framework; path = Carthage/Build/iOS/tun2socks.framework; sourceTree = "<group>"; };
		BB7E9B3420C6787500EAD16B /* CocoaAsyncSocket.framework */ = {isa = PBXFileReference; lastKnownFileType = wrapper.framework; name = CocoaAsyncSocket.framework; path = Carthage/Build/iOS/CocoaAsyncSocket.framework; sourceTree = "<group>"; };
		BB7E9B3520C6787500EAD16B /* Resolver.framework */ = {isa = PBXFileReference; lastKnownFileType = wrapper.framework; name = Resolver.framework; path = Carthage/Build/iOS/Resolver.framework; sourceTree = "<group>"; };
		BB7E9B3620C6787500EAD16B /* CocoaLumberjackSwift.framework */ = {isa = PBXFileReference; lastKnownFileType = wrapper.framework; name = CocoaLumberjackSwift.framework; path = Carthage/Build/iOS/CocoaLumberjackSwift.framework; sourceTree = "<group>"; };
		BB7E9B4E20C67BE100EAD16B /* NEKitRule.conf */ = {isa = PBXFileReference; lastKnownFileType = text; path = NEKitRule.conf; sourceTree = "<group>"; };
		BFA0B45861DE4CB7A30B1B32 /* SimpleLineIcons.ttf */ = {isa = PBXFileReference; explicitFileType = undefined; fileEncoding = 9; includeInIndex = 0; lastKnownFileType = unknown; name = SimpleLineIcons.ttf; path = "../node_modules/react-native-vector-icons/Fonts/SimpleLineIcons.ttf"; sourceTree = "<group>"; };
		CA84D8D5FBA04D168F6338CF /* Entypo.ttf */ = {isa = PBXFileReference; explicitFileType = undefined; fileEncoding = 9; includeInIndex = 0; lastKnownFileType = unknown; name = Entypo.ttf; path = "../node_modules/react-native-vector-icons/Fonts/Entypo.ttf"; sourceTree = "<group>"; };
		D6DA2367F64A44B5B4A34F9F /* MaterialCommunityIcons.ttf */ = {isa = PBXFileReference; explicitFileType = undefined; fileEncoding = 9; includeInIndex = 0; lastKnownFileType = unknown; name = MaterialCommunityIcons.ttf; path = "../node_modules/react-native-vector-icons/Fonts/MaterialCommunityIcons.ttf"; sourceTree = "<group>"; };
		F2574A3E405D43C1A051EF84 /* Octicons.ttf */ = {isa = PBXFileReference; explicitFileType = undefined; fileEncoding = 9; includeInIndex = 0; lastKnownFileType = unknown; name = Octicons.ttf; path = "../node_modules/react-native-vector-icons/Fonts/Octicons.ttf"; sourceTree = "<group>"; };
		F28A7422B7322756EC31114A /* Pods-BlockLadderApp.debug.xcconfig */ = {isa = PBXFileReference; includeInIndex = 1; lastKnownFileType = text.xcconfig; name = "Pods-BlockLadderApp.debug.xcconfig"; path = "Pods/Target Support Files/Pods-BlockLadderApp/Pods-BlockLadderApp.debug.xcconfig"; sourceTree = "<group>"; };
/* End PBXFileReference section */

/* Begin PBXFrameworksBuildPhase section */
		BB7E9AF820C66C1800EAD16B /* Frameworks */ = {
			isa = PBXFrameworksBuildPhase;
			buildActionMask = 2147483647;
			files = (
				BB7E9B1220C66C2500EAD16B /* NetworkExtension.framework in Frameworks */,
				0A660F79094F3C0FBA6694AE /* Pods_BlockLadderApp.framework in Frameworks */,
			);
			runOnlyForDeploymentPostprocessing = 0;
		};
		BB7E9B1520C66C5200EAD16B /* Frameworks */ = {
			isa = PBXFrameworksBuildPhase;
			buildActionMask = 2147483647;
			files = (
				BB7E9B2620C66C6300EAD16B /* NetworkExtension.framework in Frameworks */,
				BB7E9B4120C679B200EAD16B /* CocoaAsyncSocket.framework in Frameworks */,
				BB7E9B4220C679B200EAD16B /* CocoaLumberjack.framework in Frameworks */,
				BB7E9B4320C679B200EAD16B /* CocoaLumberjackSwift.framework in Frameworks */,
				BB7E9B4420C679B200EAD16B /* lwip.framework in Frameworks */,
				BB7E9B4520C679B200EAD16B /* MMDB.framework in Frameworks */,
				BB7E9B4620C679B200EAD16B /* NEKit.framework in Frameworks */,
				BB7E9B4720C679B200EAD16B /* Resolver.framework in Frameworks */,
				BB7E9B4820C679B200EAD16B /* Sodium.framework in Frameworks */,
				BB7E9B4920C679B200EAD16B /* tun2socks.framework in Frameworks */,
				BB7E9B4A20C679B200EAD16B /* Yaml.framework in Frameworks */,
				2942B7224A47DDF30E903A78 /* Pods_PacketTunnel.framework in Frameworks */,
			);
			runOnlyForDeploymentPostprocessing = 0;
		};
/* End PBXFrameworksBuildPhase section */

/* Begin PBXGroup section */
		5B2A1DE050AFAAB4920D285D /* Pods */ = {
			isa = PBXGroup;
			children = (
				F28A7422B7322756EC31114A /* Pods-BlockLadderApp.debug.xcconfig */,
				B774667821BA18CCD516A4A7 /* Pods-BlockLadderApp.release.xcconfig */,
				A52B836D7C5261CCE41D1B6E /* Pods-PacketTunnel.debug.xcconfig */,
				10499E45BA45ACA1AC878ECC /* Pods-PacketTunnel.release.xcconfig */,
			);
			name = Pods;
			sourceTree = "<group>";
		};
		6DF18375DC46432B87928CC9 /* Resources */ = {
			isa = PBXGroup;
			children = (
				CA84D8D5FBA04D168F6338CF /* Entypo.ttf */,
				38C84C885C1E4330B0186CAD /* EvilIcons.ttf */,
				0961D00E0F3748A59C812EFC /* Feather.ttf */,
				1D02B02856154ACDA0DFE1AF /* FontAwesome.ttf */,
				7B3DB1E36FAA4E1C8F43833D /* Foundation.ttf */,
				5BED9B707F73495A99DC1482 /* Ionicons.ttf */,
				D6DA2367F64A44B5B4A34F9F /* MaterialCommunityIcons.ttf */,
				378A9263BC0B4F3F95E7140D /* MaterialIcons.ttf */,
				F2574A3E405D43C1A051EF84 /* Octicons.ttf */,
				BFA0B45861DE4CB7A30B1B32 /* SimpleLineIcons.ttf */,
				91BFB16C2E044E45996B6978 /* Zocial.ttf */,
			);
			name = Resources;
			sourceTree = "<group>";
		};
		75F7DF0E20EFE1FC00B99BBE /* Fonts */ = {
			isa = PBXGroup;
			children = (
				75F7DF0F20EFE1FC00B99BBE /* Octicons.ttf */,
				75F7DF1020EFE1FC00B99BBE /* Feather.ttf */,
				75F7DF1120EFE1FC00B99BBE /* Entypo.ttf */,
				75F7DF1220EFE1FC00B99BBE /* MaterialCommunityIcons.ttf */,
				75F7DF1320EFE1FC00B99BBE /* Foundation.ttf */,
				75F7DF1420EFE1FC00B99BBE /* Ionicons.ttf */,
				75F7DF1520EFE1FC00B99BBE /* FontAwesome.ttf */,
				75F7DF1620EFE1FC00B99BBE /* Zocial.ttf */,
				75F7DF1720EFE1FC00B99BBE /* EvilIcons.ttf */,
				75F7DF1820EFE1FC00B99BBE /* SimpleLineIcons.ttf */,
				75F7DF1920EFE1FC00B99BBE /* MaterialIcons.ttf */,
			);
			name = Fonts;
			path = "../node_modules/react-native-vector-icons/Fonts";
			sourceTree = "<group>";
		};
		BB7E9AF220C66C1800EAD16B = {
			isa = PBXGroup;
			children = (
				75F7DF0E20EFE1FC00B99BBE /* Fonts */,
				BB7E9AFD20C66C1800EAD16B /* BlockLadderApp */,
				BB7E9B1920C66C5200EAD16B /* PacketTunnel */,
				BB7E9AFC20C66C1800EAD16B /* Products */,
				BB7E9B1020C66C2500EAD16B /* Frameworks */,
				5B2A1DE050AFAAB4920D285D /* Pods */,
				6DF18375DC46432B87928CC9 /* Resources */,
			);
			sourceTree = "<group>";
		};
		BB7E9AFC20C66C1800EAD16B /* Products */ = {
			isa = PBXGroup;
			children = (
				BB7E9AFB20C66C1800EAD16B /* BlockLadderApp.app */,
				BB7E9B1820C66C5200EAD16B /* PacketTunnel.appex */,
			);
			name = Products;
			sourceTree = "<group>";
		};
		BB7E9AFD20C66C1800EAD16B /* BlockLadderApp */ = {
			isa = PBXGroup;
			children = (
				7586A64E20CF81B400D3681D /* bundle.js */,
				BB7E9B1320C66C2500EAD16B /* BlockLadderApp.entitlements */,
				BB7E9AFE20C66C1800EAD16B /* AppDelegate.swift */,
				BB7E9B0020C66C1800EAD16B /* ViewController.swift */,
				BB7E9B0220C66C1800EAD16B /* Main.storyboard */,
				BB7E9B0520C66C1900EAD16B /* Assets.xcassets */,
				BB7E9B0720C66C1900EAD16B /* LaunchScreen.storyboard */,
				BB7E9B0A20C66C1900EAD16B /* Info.plist */,
				BB7E9B2820C670A200EAD16B /* VpnManager.swift */,
				BB7E9B2A20C6711E00EAD16B /* Notifications.swift */,
				BB7E9B4E20C67BE100EAD16B /* NEKitRule.conf */,
				75F195CD20DC93A300831956 /* DiscoverViewController.swift */,
			);
			path = BlockLadderApp;
			sourceTree = "<group>";
		};
		BB7E9B1020C66C2500EAD16B /* Frameworks */ = {
			isa = PBXGroup;
			children = (
				BB7E9B3420C6787500EAD16B /* CocoaAsyncSocket.framework */,
				BB7E9B3220C6787500EAD16B /* CocoaLumberjack.framework */,
				BB7E9B3620C6787500EAD16B /* CocoaLumberjackSwift.framework */,
				BB7E9B2E20C6787500EAD16B /* lwip.framework */,
				BB7E9B2F20C6787500EAD16B /* MMDB.framework */,
				BB7E9B3020C6787500EAD16B /* NEKit.framework */,
				BB7E9B3520C6787500EAD16B /* Resolver.framework */,
				BB7E9B2D20C6787500EAD16B /* Sodium.framework */,
				BB7E9B3320C6787500EAD16B /* tun2socks.framework */,
				BB7E9B3120C6787500EAD16B /* Yaml.framework */,
				BB7E9B1120C66C2500EAD16B /* NetworkExtension.framework */,
				9F1B1ECAD0021B7ED6BA0030 /* Pods_BlockLadderApp.framework */,
				9E44A578E74CF3757CE6040C /* Pods_PacketTunnel.framework */,
			);
			name = Frameworks;
			sourceTree = "<group>";
		};
		BB7E9B1920C66C5200EAD16B /* PacketTunnel */ = {
			isa = PBXGroup;
			children = (
				BB7E9B1C20C66C5200EAD16B /* PacketTunnelProvider.swift */,
				BB7E9B1E20C66C5200EAD16B /* Info.plist */,
				BB7E9B1A20C66C5200EAD16B /* Supporting Files */,
			);
			path = PacketTunnel;
			sourceTree = "<group>";
		};
		BB7E9B1A20C66C5200EAD16B /* Supporting Files */ = {
			isa = PBXGroup;
			children = (
				BB7E9B1B20C66C5200EAD16B /* PacketTunnel.entitlements */,
			);
			name = "Supporting Files";
			sourceTree = "<group>";
		};
/* End PBXGroup section */

/* Begin PBXNativeTarget section */
		BB7E9AFA20C66C1800EAD16B /* BlockLadderApp */ = {
			isa = PBXNativeTarget;
			buildConfigurationList = BB7E9B0D20C66C1900EAD16B /* Build configuration list for PBXNativeTarget "BlockLadderApp" */;
			buildPhases = (
				3144EED31ED7CD11AF357EF3 /* [CP] Check Pods Manifest.lock */,
				BB7E9AF720C66C1800EAD16B /* Sources */,
				BB7E9AF820C66C1800EAD16B /* Frameworks */,
				BB7E9AF920C66C1800EAD16B /* Resources */,
				BB7E9B2520C66C5200EAD16B /* Embed App Extensions */,
				BB7E9B2720C66E9200EAD16B /* ShellScript */,
				A2382320A3137A88B366EBE3 /* [CP] Embed Pods Frameworks */,
			);
			buildRules = (
			);
			dependencies = (
				BB7E9B2020C66C5200EAD16B /* PBXTargetDependency */,
			);
			name = BlockLadderApp;
			productName = BlockLadderApp;
			productReference = BB7E9AFB20C66C1800EAD16B /* BlockLadderApp.app */;
			productType = "com.apple.product-type.application";
		};
		BB7E9B1720C66C5200EAD16B /* PacketTunnel */ = {
			isa = PBXNativeTarget;
			buildConfigurationList = BB7E9B2220C66C5200EAD16B /* Build configuration list for PBXNativeTarget "PacketTunnel" */;
			buildPhases = (
				B7C79F7CFE54887987245E09 /* [CP] Check Pods Manifest.lock */,
				BB7E9B1420C66C5200EAD16B /* Sources */,
				BB7E9B1520C66C5200EAD16B /* Frameworks */,
				BB7E9B1620C66C5200EAD16B /* Resources */,
				BB7E9B2C20C6755600EAD16B /* ShellScript */,
			);
			buildRules = (
			);
			dependencies = (
			);
			name = PacketTunnel;
			productName = PacketTunnel;
			productReference = BB7E9B1820C66C5200EAD16B /* PacketTunnel.appex */;
			productType = "com.apple.product-type.app-extension";
		};
/* End PBXNativeTarget section */

/* Begin PBXProject section */
		BB7E9AF320C66C1800EAD16B /* Project object */ = {
			isa = PBXProject;
			attributes = {
				LastSwiftUpdateCheck = 940;
				LastUpgradeCheck = 940;
				ORGANIZATIONNAME = "Xiaochen Dai";
				TargetAttributes = {
					BB7E9AFA20C66C1800EAD16B = {
						CreatedOnToolsVersion = 9.4;
						SystemCapabilities = {
							com.apple.NetworkExtensions.iOS = {
								enabled = 1;
							};
							com.apple.VPNLite = {
								enabled = 1;
							};
						};
					};
					BB7E9B1720C66C5200EAD16B = {
						CreatedOnToolsVersion = 9.4;
						SystemCapabilities = {
							com.apple.NetworkExtensions.iOS = {
								enabled = 1;
							};
							com.apple.VPNLite = {
								enabled = 1;
							};
						};
					};
				};
			};
			buildConfigurationList = BB7E9AF620C66C1800EAD16B /* Build configuration list for PBXProject "BlockLadderApp" */;
			compatibilityVersion = "Xcode 9.3";
			developmentRegion = en;
			hasScannedForEncodings = 0;
			knownRegions = (
				en,
				Base,
			);
			mainGroup = BB7E9AF220C66C1800EAD16B;
			productRefGroup = BB7E9AFC20C66C1800EAD16B /* Products */;
			projectDirPath = "";
			projectRoot = "";
			targets = (
				BB7E9AFA20C66C1800EAD16B /* BlockLadderApp */,
				BB7E9B1720C66C5200EAD16B /* PacketTunnel */,
			);
		};
/* End PBXProject section */

/* Begin PBXResourcesBuildPhase section */
		BB7E9AF920C66C1800EAD16B /* Resources */ = {
			isa = PBXResourcesBuildPhase;
			buildActionMask = 2147483647;
			files = (
				BB7E9B0920C66C1900EAD16B /* LaunchScreen.storyboard in Resources */,
				BB7E9B4F20C67BE100EAD16B /* NEKitRule.conf in Resources */,
				75F7DF1F20EFE1FD00B99BBE /* Ionicons.ttf in Resources */,
				7586A64F20CF81B400D3681D /* bundle.js in Resources */,
				BB7E9B0620C66C1900EAD16B /* Assets.xcassets in Resources */,
				BB7E9B0420C66C1800EAD16B /* Main.storyboard in Resources */,
				75F7DF1A20EFE1FD00B99BBE /* Octicons.ttf in Resources */,
				75F7DF1D20EFE1FD00B99BBE /* MaterialCommunityIcons.ttf in Resources */,
				75F7DF1C20EFE1FD00B99BBE /* Entypo.ttf in Resources */,
				2A4603C1D1BF4B66B3CEF698 /* Entypo.ttf in Resources */,
				C136B0369B874A40B7E7E051 /* EvilIcons.ttf in Resources */,
				75F7DF1B20EFE1FD00B99BBE /* Feather.ttf in Resources */,
				22C8915BB63543F79B81E68F /* Feather.ttf in Resources */,
				0C84C51560944FAF82238503 /* FontAwesome.ttf in Resources */,
				75F7DF2420EFE1FD00B99BBE /* MaterialIcons.ttf in Resources */,
				A6F0C785A8454C328BE833C7 /* Foundation.ttf in Resources */,
				75F7DF2320EFE1FD00B99BBE /* SimpleLineIcons.ttf in Resources */,
				ADBFD2EA22E4470EB091A015 /* Ionicons.ttf in Resources */,
				75F7DF2120EFE1FD00B99BBE /* Zocial.ttf in Resources */,
				75F7DF1E20EFE1FD00B99BBE /* Foundation.ttf in Resources */,
				75F7DF2220EFE1FD00B99BBE /* EvilIcons.ttf in Resources */,
				ECB7D073D5F04CFB8A65F929 /* MaterialCommunityIcons.ttf in Resources */,
				75F7DF2020EFE1FD00B99BBE /* FontAwesome.ttf in Resources */,
				053683D7C02A474ABDF02601 /* MaterialIcons.ttf in Resources */,
				10205E46A60846278CE08C2C /* Octicons.ttf in Resources */,
				4BA814EB65BB48B1B1242484 /* SimpleLineIcons.ttf in Resources */,
				DA6C55916BA342B5A6BFA7C9 /* Zocial.ttf in Resources */,
			);
			runOnlyForDeploymentPostprocessing = 0;
		};
		BB7E9B1620C66C5200EAD16B /* Resources */ = {
			isa = PBXResourcesBuildPhase;
			buildActionMask = 2147483647;
			files = (
			);
			runOnlyForDeploymentPostprocessing = 0;
		};
/* End PBXResourcesBuildPhase section */

/* Begin PBXShellScriptBuildPhase section */
		3144EED31ED7CD11AF357EF3 /* [CP] Check Pods Manifest.lock */ = {
			isa = PBXShellScriptBuildPhase;
			buildActionMask = 2147483647;
			files = (
			);
			inputPaths = (
				"${PODS_PODFILE_DIR_PATH}/Podfile.lock",
				"${PODS_ROOT}/Manifest.lock",
			);
			name = "[CP] Check Pods Manifest.lock";
			outputPaths = (
				"$(DERIVED_FILE_DIR)/Pods-BlockLadderApp-checkManifestLockResult.txt",
			);
			runOnlyForDeploymentPostprocessing = 0;
			shellPath = /bin/sh;
			shellScript = "diff \"${PODS_PODFILE_DIR_PATH}/Podfile.lock\" \"${PODS_ROOT}/Manifest.lock\" > /dev/null\nif [ $? != 0 ] ; then\n    # print error to STDERR\n    echo \"error: The sandbox is not in sync with the Podfile.lock. Run 'pod install' or update your CocoaPods installation.\" >&2\n    exit 1\nfi\n# This output is used by Xcode 'outputs' to avoid re-running this script phase.\necho \"SUCCESS\" > \"${SCRIPT_OUTPUT_FILE_0}\"\n";
			showEnvVarsInLog = 0;
		};
		A2382320A3137A88B366EBE3 /* [CP] Embed Pods Frameworks */ = {
			isa = PBXShellScriptBuildPhase;
			buildActionMask = 2147483647;
			files = (
			);
			inputPaths = (
				"${SRCROOT}/Pods/Target Support Files/Pods-BlockLadderApp/Pods-BlockLadderApp-frameworks.sh",
				"${BUILT_PRODUCTS_DIR}/DoubleConversion/DoubleConversion.framework",
				"${BUILT_PRODUCTS_DIR}/Folly/folly.framework",
				"${BUILT_PRODUCTS_DIR}/RNVectorIcons/RNVectorIcons.framework",
				"${BUILT_PRODUCTS_DIR}/React/React.framework",
				"${BUILT_PRODUCTS_DIR}/glog/glog.framework",
				"${BUILT_PRODUCTS_DIR}/yoga/yoga.framework",
			);
			name = "[CP] Embed Pods Frameworks";
			outputPaths = (
				"${TARGET_BUILD_DIR}/${FRAMEWORKS_FOLDER_PATH}/DoubleConversion.framework",
				"${TARGET_BUILD_DIR}/${FRAMEWORKS_FOLDER_PATH}/folly.framework",
				"${TARGET_BUILD_DIR}/${FRAMEWORKS_FOLDER_PATH}/RNVectorIcons.framework",
				"${TARGET_BUILD_DIR}/${FRAMEWORKS_FOLDER_PATH}/React.framework",
				"${TARGET_BUILD_DIR}/${FRAMEWORKS_FOLDER_PATH}/glog.framework",
				"${TARGET_BUILD_DIR}/${FRAMEWORKS_FOLDER_PATH}/yoga.framework",
			);
			runOnlyForDeploymentPostprocessing = 0;
			shellPath = /bin/sh;
			shellScript = "\"${SRCROOT}/Pods/Target Support Files/Pods-BlockLadderApp/Pods-BlockLadderApp-frameworks.sh\"\n";
			showEnvVarsInLog = 0;
		};
		B7C79F7CFE54887987245E09 /* [CP] Check Pods Manifest.lock */ = {
			isa = PBXShellScriptBuildPhase;
			buildActionMask = 2147483647;
			files = (
			);
			inputPaths = (
				"${PODS_PODFILE_DIR_PATH}/Podfile.lock",
				"${PODS_ROOT}/Manifest.lock",
			);
			name = "[CP] Check Pods Manifest.lock";
			outputPaths = (
				"$(DERIVED_FILE_DIR)/Pods-PacketTunnel-checkManifestLockResult.txt",
			);
			runOnlyForDeploymentPostprocessing = 0;
			shellPath = /bin/sh;
			shellScript = "diff \"${PODS_PODFILE_DIR_PATH}/Podfile.lock\" \"${PODS_ROOT}/Manifest.lock\" > /dev/null\nif [ $? != 0 ] ; then\n    # print error to STDERR\n    echo \"error: The sandbox is not in sync with the Podfile.lock. Run 'pod install' or update your CocoaPods installation.\" >&2\n    exit 1\nfi\n# This output is used by Xcode 'outputs' to avoid re-running this script phase.\necho \"SUCCESS\" > \"${SCRIPT_OUTPUT_FILE_0}\"\n";
			showEnvVarsInLog = 0;
		};
		BB7E9B2720C66E9200EAD16B /* ShellScript */ = {
			isa = PBXShellScriptBuildPhase;
			buildActionMask = 2147483647;
			files = (
			);
			inputPaths = (
				"$(SRCROOT)/Carthage/Build/iOS/CocoaAsyncSocket.framework",
				"$(SRCROOT)/Carthage/Build/iOS/CocoaLumberjack.framework",
				"$(SRCROOT)/Carthage/Build/iOS/CocoaLumberjackSwift.framework",
				"$(SRCROOT)/Carthage/Build/iOS/lwip.framework",
				"$(SRCROOT)/Carthage/Build/iOS/MMDB.framework",
				"$(SRCROOT)/Carthage/Build/iOS/NEKit.framework",
				"$(SRCROOT)/Carthage/Build/iOS/Sodium.framework",
				"$(SRCROOT)/Carthage/Build/iOS/tun2socks.framework",
				"$(SRCROOT)/Carthage/Build/iOS/Yaml.framework",
				"$(SRCROOT)/Carthage/Build/iOS/Resolver.framework",
			);
			outputPaths = (
			);
			runOnlyForDeploymentPostprocessing = 0;
			shellPath = /bin/sh;
			shellScript = "/usr/local/bin/carthage copy-frameworks";
		};
		BB7E9B2C20C6755600EAD16B /* ShellScript */ = {
			isa = PBXShellScriptBuildPhase;
			buildActionMask = 2147483647;
			files = (
			);
			inputPaths = (
			);
			outputPaths = (
			);
			runOnlyForDeploymentPostprocessing = 0;
			shellPath = /bin/sh;
			shellScript = "if [ ! -e $PROJECT_DIR/Frameworks/$PLATFORM_NAME ] ; then\necho Generating $PROJECT_DIR/Frameworks/$(PLATFORM_NAME)/CommonCrypto.framework\nxcrun -sdk macosx swift ./BlockLadderApp/GenerateCommonCryptoModule.swift $PLATFORM_NAME $PROJECT_DIR\nelse\necho Directory exists, skipping generation of $PROJECT_DIR/Frameworks/$(PLATFORM_NAME)/CommonCrypto.framework\nfi";
		};
/* End PBXShellScriptBuildPhase section */

/* Begin PBXSourcesBuildPhase section */
		BB7E9AF720C66C1800EAD16B /* Sources */ = {
			isa = PBXSourcesBuildPhase;
			buildActionMask = 2147483647;
			files = (
				BB7E9B2B20C6711E00EAD16B /* Notifications.swift in Sources */,
				BB7E9B0120C66C1800EAD16B /* ViewController.swift in Sources */,
				BB7E9AFF20C66C1800EAD16B /* AppDelegate.swift in Sources */,
				BB7E9B2920C670A200EAD16B /* VpnManager.swift in Sources */,
				75F195CE20DC93A300831956 /* DiscoverViewController.swift in Sources */,
			);
			runOnlyForDeploymentPostprocessing = 0;
		};
		BB7E9B1420C66C5200EAD16B /* Sources */ = {
			isa = PBXSourcesBuildPhase;
			buildActionMask = 2147483647;
			files = (
				BB7E9B1D20C66C5200EAD16B /* PacketTunnelProvider.swift in Sources */,
			);
			runOnlyForDeploymentPostprocessing = 0;
		};
/* End PBXSourcesBuildPhase section */

/* Begin PBXTargetDependency section */
		BB7E9B2020C66C5200EAD16B /* PBXTargetDependency */ = {
			isa = PBXTargetDependency;
			target = BB7E9B1720C66C5200EAD16B /* PacketTunnel */;
			targetProxy = BB7E9B1F20C66C5200EAD16B /* PBXContainerItemProxy */;
		};
/* End PBXTargetDependency section */

/* Begin PBXVariantGroup section */
		BB7E9B0220C66C1800EAD16B /* Main.storyboard */ = {
			isa = PBXVariantGroup;
			children = (
				BB7E9B0320C66C1800EAD16B /* Base */,
			);
			name = Main.storyboard;
			sourceTree = "<group>";
		};
		BB7E9B0720C66C1900EAD16B /* LaunchScreen.storyboard */ = {
			isa = PBXVariantGroup;
			children = (
				BB7E9B0820C66C1900EAD16B /* Base */,
			);
			name = LaunchScreen.storyboard;
			sourceTree = "<group>";
		};
/* End PBXVariantGroup section */

/* Begin XCBuildConfiguration section */
		BB7E9B0B20C66C1900EAD16B /* Debug */ = {
			isa = XCBuildConfiguration;
			buildSettings = {
				ALWAYS_SEARCH_USER_PATHS = NO;
				CLANG_ANALYZER_NONNULL = YES;
				CLANG_ANALYZER_NUMBER_OBJECT_CONVERSION = YES_AGGRESSIVE;
				CLANG_CXX_LANGUAGE_STANDARD = "gnu++14";
				CLANG_CXX_LIBRARY = "libc++";
				CLANG_ENABLE_MODULES = YES;
				CLANG_ENABLE_OBJC_ARC = YES;
				CLANG_ENABLE_OBJC_WEAK = YES;
				CLANG_WARN_BLOCK_CAPTURE_AUTORELEASING = YES;
				CLANG_WARN_BOOL_CONVERSION = YES;
				CLANG_WARN_COMMA = YES;
				CLANG_WARN_CONSTANT_CONVERSION = YES;
				CLANG_WARN_DEPRECATED_OBJC_IMPLEMENTATIONS = YES;
				CLANG_WARN_DIRECT_OBJC_ISA_USAGE = YES_ERROR;
				CLANG_WARN_DOCUMENTATION_COMMENTS = YES;
				CLANG_WARN_EMPTY_BODY = YES;
				CLANG_WARN_ENUM_CONVERSION = YES;
				CLANG_WARN_INFINITE_RECURSION = YES;
				CLANG_WARN_INT_CONVERSION = YES;
				CLANG_WARN_NON_LITERAL_NULL_CONVERSION = YES;
				CLANG_WARN_OBJC_IMPLICIT_RETAIN_SELF = YES;
				CLANG_WARN_OBJC_LITERAL_CONVERSION = YES;
				CLANG_WARN_OBJC_ROOT_CLASS = YES_ERROR;
				CLANG_WARN_RANGE_LOOP_ANALYSIS = YES;
				CLANG_WARN_STRICT_PROTOTYPES = YES;
				CLANG_WARN_SUSPICIOUS_MOVE = YES;
				CLANG_WARN_UNGUARDED_AVAILABILITY = YES_AGGRESSIVE;
				CLANG_WARN_UNREACHABLE_CODE = YES;
				CLANG_WARN__DUPLICATE_METHOD_MATCH = YES;
				CODE_SIGN_IDENTITY = "iPhone Developer";
				COPY_PHASE_STRIP = NO;
				DEBUG_INFORMATION_FORMAT = dwarf;
				ENABLE_STRICT_OBJC_MSGSEND = YES;
				ENABLE_TESTABILITY = YES;
				GCC_C_LANGUAGE_STANDARD = gnu11;
				GCC_DYNAMIC_NO_PIC = NO;
				GCC_NO_COMMON_BLOCKS = YES;
				GCC_OPTIMIZATION_LEVEL = 0;
				GCC_PREPROCESSOR_DEFINITIONS = (
					"DEBUG=1",
					"$(inherited)",
				);
				GCC_WARN_64_TO_32_BIT_CONVERSION = YES;
				GCC_WARN_ABOUT_RETURN_TYPE = YES_ERROR;
				GCC_WARN_UNDECLARED_SELECTOR = YES;
				GCC_WARN_UNINITIALIZED_AUTOS = YES_AGGRESSIVE;
				GCC_WARN_UNUSED_FUNCTION = YES;
				GCC_WARN_UNUSED_VARIABLE = YES;
				IPHONEOS_DEPLOYMENT_TARGET = 11.4;
				MTL_ENABLE_DEBUG_INFO = YES;
				ONLY_ACTIVE_ARCH = YES;
				SDKROOT = iphoneos;
				SWIFT_ACTIVE_COMPILATION_CONDITIONS = DEBUG;
				SWIFT_OPTIMIZATION_LEVEL = "-Onone";
			};
			name = Debug;
		};
		BB7E9B0C20C66C1900EAD16B /* Release */ = {
			isa = XCBuildConfiguration;
			buildSettings = {
				ALWAYS_SEARCH_USER_PATHS = NO;
				CLANG_ANALYZER_NONNULL = YES;
				CLANG_ANALYZER_NUMBER_OBJECT_CONVERSION = YES_AGGRESSIVE;
				CLANG_CXX_LANGUAGE_STANDARD = "gnu++14";
				CLANG_CXX_LIBRARY = "libc++";
				CLANG_ENABLE_MODULES = YES;
				CLANG_ENABLE_OBJC_ARC = YES;
				CLANG_ENABLE_OBJC_WEAK = YES;
				CLANG_WARN_BLOCK_CAPTURE_AUTORELEASING = YES;
				CLANG_WARN_BOOL_CONVERSION = YES;
				CLANG_WARN_COMMA = YES;
				CLANG_WARN_CONSTANT_CONVERSION = YES;
				CLANG_WARN_DEPRECATED_OBJC_IMPLEMENTATIONS = YES;
				CLANG_WARN_DIRECT_OBJC_ISA_USAGE = YES_ERROR;
				CLANG_WARN_DOCUMENTATION_COMMENTS = YES;
				CLANG_WARN_EMPTY_BODY = YES;
				CLANG_WARN_ENUM_CONVERSION = YES;
				CLANG_WARN_INFINITE_RECURSION = YES;
				CLANG_WARN_INT_CONVERSION = YES;
				CLANG_WARN_NON_LITERAL_NULL_CONVERSION = YES;
				CLANG_WARN_OBJC_IMPLICIT_RETAIN_SELF = YES;
				CLANG_WARN_OBJC_LITERAL_CONVERSION = YES;
				CLANG_WARN_OBJC_ROOT_CLASS = YES_ERROR;
				CLANG_WARN_RANGE_LOOP_ANALYSIS = YES;
				CLANG_WARN_STRICT_PROTOTYPES = YES;
				CLANG_WARN_SUSPICIOUS_MOVE = YES;
				CLANG_WARN_UNGUARDED_AVAILABILITY = YES_AGGRESSIVE;
				CLANG_WARN_UNREACHABLE_CODE = YES;
				CLANG_WARN__DUPLICATE_METHOD_MATCH = YES;
				CODE_SIGN_IDENTITY = "iPhone Developer";
				COPY_PHASE_STRIP = NO;
				DEBUG_INFORMATION_FORMAT = "dwarf-with-dsym";
				ENABLE_NS_ASSERTIONS = NO;
				ENABLE_STRICT_OBJC_MSGSEND = YES;
				GCC_C_LANGUAGE_STANDARD = gnu11;
				GCC_NO_COMMON_BLOCKS = YES;
				GCC_WARN_64_TO_32_BIT_CONVERSION = YES;
				GCC_WARN_ABOUT_RETURN_TYPE = YES_ERROR;
				GCC_WARN_UNDECLARED_SELECTOR = YES;
				GCC_WARN_UNINITIALIZED_AUTOS = YES_AGGRESSIVE;
				GCC_WARN_UNUSED_FUNCTION = YES;
				GCC_WARN_UNUSED_VARIABLE = YES;
				IPHONEOS_DEPLOYMENT_TARGET = 11.4;
				MTL_ENABLE_DEBUG_INFO = NO;
				SDKROOT = iphoneos;
				SWIFT_COMPILATION_MODE = wholemodule;
				SWIFT_OPTIMIZATION_LEVEL = "-O";
				VALIDATE_PRODUCT = YES;
			};
			name = Release;
		};
		BB7E9B0E20C66C1900EAD16B /* Debug */ = {
			isa = XCBuildConfiguration;
			baseConfigurationReference = F28A7422B7322756EC31114A /* Pods-BlockLadderApp.debug.xcconfig */;
			buildSettings = {
				ALWAYS_EMBED_SWIFT_STANDARD_LIBRARIES = YES;
				ASSETCATALOG_COMPILER_APPICON_NAME = AppIcon;
				CODE_SIGN_ENTITLEMENTS = BlockLadderApp/BlockLadderApp.entitlements;
				CODE_SIGN_STYLE = Automatic;
				DEVELOPMENT_TEAM = NY72874Q56;
				FRAMEWORK_SEARCH_PATHS = (
					"$(inherited)",
					"$(PROJECT_DIR)/Carthage/Build/iOS",
				);
				INFOPLIST_FILE = BlockLadderApp/Info.plist;
				LD_RUNPATH_SEARCH_PATHS = (
					"$(inherited)",
					"@executable_path/Frameworks",
				);
				PRODUCT_BUNDLE_IDENTIFIER = com.alexdai.BlockLadderApp;
				PRODUCT_NAME = "$(TARGET_NAME)";
				SWIFT_VERSION = 4.0;
				TARGETED_DEVICE_FAMILY = 1;
			};
			name = Debug;
		};
		BB7E9B0F20C66C1900EAD16B /* Release */ = {
			isa = XCBuildConfiguration;
			baseConfigurationReference = B774667821BA18CCD516A4A7 /* Pods-BlockLadderApp.release.xcconfig */;
			buildSettings = {
				ALWAYS_EMBED_SWIFT_STANDARD_LIBRARIES = YES;
				ASSETCATALOG_COMPILER_APPICON_NAME = AppIcon;
				CODE_SIGN_ENTITLEMENTS = BlockLadderApp/BlockLadderApp.entitlements;
				CODE_SIGN_STYLE = Automatic;
				DEVELOPMENT_TEAM = NY72874Q56;
				FRAMEWORK_SEARCH_PATHS = (
					"$(inherited)",
					"$(PROJECT_DIR)/Carthage/Build/iOS",
				);
				INFOPLIST_FILE = BlockLadderApp/Info.plist;
				LD_RUNPATH_SEARCH_PATHS = (
					"$(inherited)",
					"@executable_path/Frameworks",
				);
				PRODUCT_BUNDLE_IDENTIFIER = com.alexdai.BlockLadderApp;
				PRODUCT_NAME = "$(TARGET_NAME)";
				SWIFT_VERSION = 4.0;
				TARGETED_DEVICE_FAMILY = 1;
			};
			name = Release;
		};
		BB7E9B2320C66C5200EAD16B /* Debug */ = {
			isa = XCBuildConfiguration;
			baseConfigurationReference = A52B836D7C5261CCE41D1B6E /* Pods-PacketTunnel.debug.xcconfig */;
			buildSettings = {
				CODE_SIGN_ENTITLEMENTS = PacketTunnel/PacketTunnel.entitlements;
				CODE_SIGN_STYLE = Automatic;
				DEVELOPMENT_TEAM = NY72874Q56;
				FRAMEWORK_SEARCH_PATHS = (
					"$(inherited)",
					"$(PROJECT_DIR)/Carthage/Build/iOS",
				);
				INFOPLIST_FILE = PacketTunnel/Info.plist;
				IPHONEOS_DEPLOYMENT_TARGET = 10.1;
				LD_RUNPATH_SEARCH_PATHS = (
					"$(inherited)",
					"@executable_path/Frameworks",
					"@executable_path/../../Frameworks",
				);
				PRODUCT_BUNDLE_IDENTIFIER = com.alexdai.BlockLadderApp.PacketTunnel;
				PRODUCT_NAME = "$(TARGET_NAME)";
				SKIP_INSTALL = YES;
				SWIFT_VERSION = 4.0;
				TARGETED_DEVICE_FAMILY = "1,2";
			};
			name = Debug;
		};
		BB7E9B2420C66C5200EAD16B /* Release */ = {
			isa = XCBuildConfiguration;
			baseConfigurationReference = 10499E45BA45ACA1AC878ECC /* Pods-PacketTunnel.release.xcconfig */;
			buildSettings = {
				CODE_SIGN_ENTITLEMENTS = PacketTunnel/PacketTunnel.entitlements;
				CODE_SIGN_STYLE = Automatic;
				DEVELOPMENT_TEAM = NY72874Q56;
				FRAMEWORK_SEARCH_PATHS = (
					"$(inherited)",
					"$(PROJECT_DIR)/Carthage/Build/iOS",
				);
				INFOPLIST_FILE = PacketTunnel/Info.plist;
				IPHONEOS_DEPLOYMENT_TARGET = 10.1;
				LD_RUNPATH_SEARCH_PATHS = (
					"$(inherited)",
					"@executable_path/Frameworks",
					"@executable_path/../../Frameworks",
				);
				PRODUCT_BUNDLE_IDENTIFIER = com.alexdai.BlockLadderApp.PacketTunnel;
				PRODUCT_NAME = "$(TARGET_NAME)";
				SKIP_INSTALL = YES;
				SWIFT_VERSION = 4.0;
				TARGETED_DEVICE_FAMILY = "1,2";
			};
			name = Release;
		};
/* End XCBuildConfiguration section */

/* Begin XCConfigurationList section */
		BB7E9AF620C66C1800EAD16B /* Build configuration list for PBXProject "BlockLadderApp" */ = {
			isa = XCConfigurationList;
			buildConfigurations = (
				BB7E9B0B20C66C1900EAD16B /* Debug */,
				BB7E9B0C20C66C1900EAD16B /* Release */,
			);
			defaultConfigurationIsVisible = 0;
			defaultConfigurationName = Release;
		};
		BB7E9B0D20C66C1900EAD16B /* Build configuration list for PBXNativeTarget "BlockLadderApp" */ = {
			isa = XCConfigurationList;
			buildConfigurations = (
				BB7E9B0E20C66C1900EAD16B /* Debug */,
				BB7E9B0F20C66C1900EAD16B /* Release */,
			);
			defaultConfigurationIsVisible = 0;
			defaultConfigurationName = Release;
		};
		BB7E9B2220C66C5200EAD16B /* Build configuration list for PBXNativeTarget "PacketTunnel" */ = {
			isa = XCConfigurationList;
			buildConfigurations = (
				BB7E9B2320C66C5200EAD16B /* Debug */,
				BB7E9B2420C66C5200EAD16B /* Release */,
			);
			defaultConfigurationIsVisible = 0;
			defaultConfigurationName = Release;
		};
/* End XCConfigurationList section */
	};
	rootObject = BB7E9AF320C66C1800EAD16B /* Project object */;
}
